PODS:
  - BSNetworking (1.0.0)

DEPENDENCIES:
  - BSNetworking (from `LocalPods/BSNetworking`)

EXTERNAL SOURCES:
  BSNetworking:
    :path: LocalPods/BSNetworking

SPEC CHECKSUMS:
  BSNetworking: aa50143f14b823c12eafd645f6a4d1f275e0d075

PODFILE CHECKSUM: 5acf46cdaaffa520c3ad7f8d508810eaae643154

COCOAPODS: 1.6.0
